<?xml version="1.0" encoding="utf-8"?>
<Project ToolsVersion="4.0" xmlns="http://schemas.microsoft.com/developer/msbuild/2003">
  <ItemGroup>
    <Filter Include="Source Files">
      <UniqueIdentifier>{4FC737F1-C7A5-4376-A066-2A32D752A2FF}</UniqueIdentifier>
      <Extensions>cpp;c;cc;cxx;c++;cppm;ixx;def;odl;idl;hpj;bat;asm;asmx</Extensions>
    </Filter>
    <Filter Include="Header Files">
      <UniqueIdentifier>{93995380-89BD-4b04-88EB-625FBE52EBFB}</UniqueIdentifier>
      <Extensions>h;hh;hpp;hxx;h++;hm;inl;inc;ipp;xsd</Extensions>
    </Filter>
    <Filter Include="Resource Files">
      <UniqueIdentifier>{67DA6AB6-F800-4c08-8B7A-83BB121AAD01}</UniqueIdentifier>
      <Extensions>rc;ico;cur;bmp;dlg;rc2;rct;bin;rgs;gif;jpg;jpeg;jpe;resx;tiff;tif;png;wav;mfcribbon-ms</Extensions>
    </Filter>
  </ItemGroup>
  <ItemGroup>
    <ClInclude Include="..\SudokuGUI-tmp\include\components\Cell.h">
      <Filter>Header Files</Filter>
    </ClInclude>
    <ClInclude Include="..\SudokuGUI-tmp\include\components\DirectionEnum.h">
      <Filter>Header Files</Filter>
    </ClInclude>
    <ClInclude Include="..\SudokuGUI-tmp\include\components\Grid.h">
      <Filter>Header Files</Filter>
    </ClInclude>
    <ClInclude Include="..\SudokuGUI-tmp\include\components\GridDimensions.h">
      <Filter>Header Files</Filter>
    </ClInclude>
    <ClInclude Include="..\SudokuGUI-tmp\include\components\GridStyle.h">
      <Filter>Header Files</Filter>
    </ClInclude>
    <ClInclude Include="..\SudokuGUI-tmp\include\components\modal_window\DialogBox.h">
      <Filter>Header Files</Filter>
    </ClInclude>
    <ClInclude Include="..\SudokuGUI-tmp\include\components\modal_window\ModalWindow.h">
      <Filter>Header Files</Filter>
    </ClInclude>
    <ClInclude Include="..\SudokuGUI-tmp\include\Game.h">
      <Filter>Header Files</Filter>
    </ClInclude>
    <ClInclude Include="..\SudokuGUI-tmp\include\GameController.h">
      <Filter>Header Files</Filter>
    </ClInclude>
    <ClInclude Include="..\SudokuGUI-tmp\include\handlers\ClickHandler.h">
      <Filter>Header Files</Filter>
    </ClInclude>
    <ClInclude Include="..\SudokuGUI-tmp\include\handlers\KeyPressedHandler.h">
      <Filter>Header Files</Filter>
    </ClInclude>
    <ClInclude Include="..\SudokuGUI-tmp\include\handlers\TextEnteredHandler.h">
      <Filter>Header Files</Filter>
    </ClInclude>
    <ClInclude Include="include\components\modal_window\DialogBox.h">
      <Filter>Header Files</Filter>
    </ClInclude>
    <ClInclude Include="include\components\modal_window\ModalWindow.h">
      <Filter>Header Files</Filter>
    </ClInclude>
    <ClInclude Include="include\components\Cell.h">
      <Filter>Header Files</Filter>
    </ClInclude>
    <ClInclude Include="include\components\DirectionEnum.h">
      <Filter>Header Files</Filter>
    </ClInclude>
    <ClInclude Include="include\components\Grid.h">
      <Filter>Header Files</Filter>
    </ClInclude>
    <ClInclude Include="include\components\GridDimensions.h">
      <Filter>Header Files</Filter>
    </ClInclude>
    <ClInclude Include="include\components\GridStyle.h">
      <Filter>Header Files</Filter>
    </ClInclude>
    <ClInclude Include="include\handlers\ClickHandler.h">
      <Filter>Header Files</Filter>
    </ClInclude>
    <ClInclude Include="include\handlers\KeyPressedHandler.h">
      <Filter>Header Files</Filter>
    </ClInclude>
    <ClInclude Include="include\handlers\TextEnteredHandler.h">
      <Filter>Header Files</Filter>
    </ClInclude>
    <ClInclude Include="include\Game.h">
      <Filter>Header Files</Filter>
    </ClInclude>
    <ClInclude Include="include\GameController.h">
      <Filter>Header Files</Filter>
    </ClInclude>
  </ItemGroup>
  <ItemGroup>
    <Text Include="CMakeLists.txt" />
  </ItemGroup>
  <ItemGroup>
    <Font Include="resources\Roboto-Regular.ttf" />
  </ItemGroup>
  <ItemGroup>
    <ClCompile Include="src\components\modal_window\DialogBox.cpp">
      <Filter>Source Files</Filter>
    </ClCompile>
    <ClCompile Include="src\components\modal_window\ModalWindow.cpp">
      <Filter>Source Files</Filter>
    </ClCompile>
    <ClCompile Include="src\components\Grid.cpp">
      <Filter>Source Files</Filter>
    </ClCompile>
    <ClCompile Include="src\components\GridDimension.cpp">
      <Filter>Source Files</Filter>
    </ClCompile>
    <ClCompile Include="src\components\GridStyle.cpp">
      <Filter>Source Files</Filter>
    </ClCompile>
    <ClCompile Include="src\handlers\ClickHandler.cpp">
      <Filter>Source Files</Filter>
    </ClCompile>
    <ClCompile Include="src\handlers\KeyPressedHandler.cpp">
      <Filter>Source Files</Filter>
    </ClCompile>
    <ClCompile Include="src\handlers\TextEnteredHandler.cpp">
      <Filter>Source Files</Filter>
    </ClCompile>
    <ClCompile Include="src\Game.cpp">
      <Filter>Source Files</Filter>
    </ClCompile>
    <ClCompile Include="src\GameController.cpp">
      <Filter>Source Files</Filter>
    </ClCompile>
    <ClCompile Include="src\main.cpp">
      <Filter>Source Files</Filter>
    </ClCompile>
  </ItemGroup>
</Project>